
Microsoft Visual Studio Solution File, Format Version 12.00
# Visual Studio 2013
VisualStudioVersion = 12.0.31101.0
MinimumVisualStudioVersion = 10.0.40219.1
Project("{9092AA53-FB77-4645-B42D-1CCCA6BD08BD}") = "SensorsIO-Web", "SensorsIO-Web.njsproj", "{EDAC7324-A62E-4890-9643-7421DB0F7ED9}"
EndProject
Global
	GlobalSection(SolutionConfigurationPlatforms) = preSolution
		Debug|Any CPU = Debug|Any CPU
		Release|Any CPU = Release|Any CPU
	EndGlobalSection
	GlobalSection(ProjectConfigurationPlatforms) = postSolution
		{EDAC7324-A62E-4890-9643-7421DB0F7ED9}.Debug|Any CPU.ActiveCfg = Debug|Any CPU
		{EDAC7324-A62E-4890-9643-7421DB0F7ED9}.Debug|Any CPU.Build.0 = Debug|Any CPU
		{EDAC7324-A62E-4890-9643-7421DB0F7ED9}.Release|Any CPU.ActiveCfg = Release|Any CPU
		{EDAC7324-A62E-4890-9643-7421DB0F7ED9}.Release|Any CPU.Build.0 = Release|Any CPU
	EndGlobalSection
	GlobalSection(SolutionProperties) = preSolution
		HideSolutionNode = FALSE
	EndGlobalSection
EndGlobal
